
Microsoft Visual Studio Solution File, Format Version 12.00
# Visual Studio Version 17
VisualStudioVersion = 17.13.35919.96 d17.13
MinimumVisualStudioVersion = 10.0.40219.1
Project("{FAE04EC0-301F-11D3-BF4B-00C04F79EFBC}") = "Branch_mvc", "Branch_mvc\Branch_mvc.csproj", "{5F1433C2-748E-4CB4-9BB2-D452B952A152}"
EndProject
Global
	GlobalSection(SolutionConfigurationPlatforms) = preSolution
		Debug|Any CPU = Debug|Any CPU
		Release|Any CPU = Release|Any CPU
	EndGlobalSection
	GlobalSection(ProjectConfigurationPlatforms) = postSolution
		{5F1433C2-748E-4CB4-9BB2-D452B952A152}.Debug|Any CPU.ActiveCfg = Debug|Any CPU
		{5F1433C2-748E-4CB4-9BB2-D452B952A152}.Debug|Any CPU.Build.0 = Debug|Any CPU
		{5F1433C2-748E-4CB4-9BB2-D452B952A152}.Release|Any CPU.ActiveCfg = Release|Any CPU
		{5F1433C2-748E-4CB4-9BB2-D452B952A152}.Release|Any CPU.Build.0 = Release|Any CPU
	EndGlobalSection
	GlobalSection(SolutionProperties) = preSolution
		HideSolutionNode = FALSE
	EndGlobalSection
	GlobalSection(ExtensibilityGlobals) = postSolution
		SolutionGuid = {948B749A-32BA-4EE2-8EB5-DE05B7759C2C}
	EndGlobalSection
EndGlobal
